/* Begin XCBuildConfiguration section */

        2275A69E2F7E727500D49532 /* Debug configuration for PBXNativeTarget "StreamHubTests" */ = {
            isa = XCBuildConfiguration;
            buildSettings = {
                BUNDLE_LOADER = "$(TEST_HOST)";
                CODE_SIGN_STYLE = Automatic;
                CURRENT_PROJECT_VERSION = 1;
                GENERATE_INFOPLIST_FILE = YES;
                IPHONEOS_DEPLOYMENT_TARGET = 26.4;
                MARKETING_VERSION = 1.0;
                PRODUCT_BUNDLE_IDENTIFIER = com.amb.StreamHubTests;
                PRODUCT_NAME = "$(TARGET_NAME)";
                STRING_CATALOG_GENERATE_SYMBOLS = NO;
                SWIFT_APPROACHABLE_CONCURRENCY = YES;
                SWIFT_EMIT_LOC_STRINGS = NO;
                SWIFT_UPCOMING_FEATURE_MEMBER_IMPORT_VISIBILITY = YES;
                SWIFT_VERSION = 6.0;
                TARGETED_DEVICE_FAMILY = "1,2";
                TEST_HOST = "$(BUILT_PRODUCTS_DIR)/StreamHub.app/$(BUNDLE_EXECUTABLE_FOLDER_PATH)/StreamHub";
            };
            name = Debug;
        };

        2275A69F2F7E727500D49532 /* Release configuration for PBXNativeTarget "StreamHubTests" */ = {
            isa = XCBuildConfiguration;
            buildSettings = {
                BUNDLE_LOADER = "$(TEST_HOST)";
                CODE_SIGN_STYLE = Automatic;
                CURRENT_PROJECT_VERSION = 1;
                GENERATE_INFOPLIST_FILE = YES;
                IPHONEOS_DEPLOYMENT_TARGET = 26.4;
                MARKETING_VERSION = 1.0;
                PRODUCT_BUNDLE_IDENTIFIER = com.amb.StreamHubTests;
                PRODUCT_NAME = "$(TARGET_NAME)";
                STRING_CATALOG_GENERATE_SYMBOLS = NO;
                SWIFT_APPROACHABLE_CONCURRENCY = YES;
                SWIFT_EMIT_LOC_STRINGS = NO;
                SWIFT_UPCOMING_FEATURE_MEMBER_IMPORT_VISIBILITY = YES;
                SWIFT_VERSION = 6.0;
                TARGETED_DEVICE_FAMILY = "1,2";
                TEST_HOST = "$(BUILT_PRODUCTS_DIR)/StreamHub.app/$(BUNDLE_EXECUTABLE_FOLDER_PATH)/StreamHub";
            };
            name = Release;
        };

        2275A6A12F7E727500D49532 /* Debug configuration for PBXNativeTarget "StreamHubUITests" */ = {
            isa = XCBuildConfiguration;
            buildSettings = {
                CODE_SIGN_STYLE = Automatic;
                CURRENT_PROJECT_VERSION = 1;
                GENERATE_INFOPLIST_FILE = YES;
                MARKETING_VERSION = 1.0;
                PRODUCT_BUNDLE_IDENTIFIER = com.amb.StreamHubUITests;
                PRODUCT_NAME = "$(TARGET_NAME)";
                STRING_CATALOG_GENERATE_SYMBOLS = NO;
                SWIFT_APPROACHABLE_CONCURRENCY = YES;
                SWIFT_EMIT_LOC_STRINGS = NO;
                SWIFT_UPCOMING_FEATURE_MEMBER_IMPORT_VISIBILITY = YES;
                SWIFT_VERSION = 6.0;
                TARGETED_DEVICE_FAMILY = "1,2";
                TEST_TARGET_NAME = StreamHub;
            };
            name = Debug;
        };

        2275A6A22F7E727500D49532 /* Release configuration for PBXNativeTarget "StreamHubUITests" */ = {
            isa = XCBuildConfiguration;
            buildSettings = {
                CODE_SIGN_STYLE = Automatic;
                CURRENT_PROJECT_VERSION = 1;
                GENERATE_INFOPLIST_FILE = YES;
                MARKETING_VERSION = 1.0;
                PRODUCT_BUNDLE_IDENTIFIER = com.amb.StreamHubUITests;
                PRODUCT_NAME = "$(TARGET_NAME)";
                STRING_CATALOG_GENERATE_SYMBOLS = NO;
                SWIFT_APPROACHABLE_CONCURRENCY = YES;
                SWIFT_EMIT_LOC_STRINGS = NO;
                SWIFT_UPCOMING_FEATURE_MEMBER_IMPORT_VISIBILITY = YES;
                SWIFT_VERSION = 6.0;
                TARGETED_DEVICE_FAMILY = "1,2";
                TEST_TARGET_NAME = StreamHub;
            };
            name = Release;
        };
